
Microsoft Visual Studio Solution File, Format Version 12.00
# Visual Studio Version 16
VisualStudioVersion = 16.0.32901.82
MinimumVisualStudioVersion = 10.0.40219.1
Project("{FAE04EC0-301F-11D3-BF4B-00C04F79EFBC}") = "BlogSiteProject", "BlogSiteProject\BlogSiteProject.csproj", "{8DED0523-E069-4F17-BA9B-B3E09876C598}"
EndProject
Global
	GlobalSection(SolutionConfigurationPlatforms) = preSolution
		Debug|Any CPU = Debug|Any CPU
		Release|Any CPU = Release|Any CPU
	EndGlobalSection
	GlobalSection(ProjectConfigurationPlatforms) = postSolution
		{8DED0523-E069-4F17-BA9B-B3E09876C598}.Debug|Any CPU.ActiveCfg = Debug|Any CPU
		{8DED0523-E069-4F17-BA9B-B3E09876C598}.Debug|Any CPU.Build.0 = Debug|Any CPU
		{8DED0523-E069-4F17-BA9B-B3E09876C598}.Release|Any CPU.ActiveCfg = Release|Any CPU
		{8DED0523-E069-4F17-BA9B-B3E09876C598}.Release|Any CPU.Build.0 = Release|Any CPU
	EndGlobalSection
	GlobalSection(SolutionProperties) = preSolution
		HideSolutionNode = FALSE
	EndGlobalSection
	GlobalSection(ExtensibilityGlobals) = postSolution
		SolutionGuid = {9AD14EFF-6439-4B71-BEEE-C2F80CEFB447}
	EndGlobalSection
EndGlobal
